// !$*UTF8*$!
{
	archiveVersion = 1;
	classes = {
	};
	objectVersion = 46;
	objects = {

/* Begin PBXBuildFile section */
		F3EFA5B61E8794AE001C20DF /* AppDelegate.swift in Sources */ = {isa = PBXBuildFile; fileRef = F3EFA5B51E8794AE001C20DF /* AppDelegate.swift */; };
		F3EFA5B81E8794AE001C20DF /* ViewController.swift in Sources */ = {isa = PBXBuildFile; fileRef = F3EFA5B71E8794AE001C20DF /* ViewController.swift */; };
		F3EFA5BB1E8794AE001C20DF /* Main.storyboard in Resources */ = {isa = PBXBuildFile; fileRef = F3EFA5B91E8794AE001C20DF /* Main.storyboard */; };
		F3EFA5BD1E8794AE001C20DF /* Assets.xcassets in Resources */ = {isa = PBXBuildFile; fileRef = F3EFA5BC1E8794AE001C20DF /* Assets.xcassets */; };
		F3EFA5C01E8794AE001C20DF /* LaunchScreen.storyboard in Resources */ = {isa = PBXBuildFile; fileRef = F3EFA5BE1E8794AE001C20DF /* LaunchScreen.storyboard */; };
/* End PBXBuildFile section */

/* Begin PBXFileReference section */
		F3EFA5B21E8794AE001C20DF /* SwiftPoem.app */ = {isa = PBXFileReference; explicitFileType = wrapper.application; includeInIndex = 0; path = SwiftPoem.app; sourceTree = BUILT_PRODUCTS_DIR; };
		F3EFA5B51E8794AE001C20DF /* AppDelegate.swift */ = {isa = PBXFileReference; lastKnownFileType = sourcecode.swift; path = AppDelegate.swift; sourceTree = "<group>"; };
		F3EFA5B71E8794AE001C20DF /* ViewController.swift */ = {isa = PBXFileReference; lastKnownFileType = sourcecode.swift; path = ViewController.swift; sourceTree = "<group>"; };
		F3EFA5BA1E8794AE001C20DF /* Base */ = {isa = PBXFileReference; lastKnownFileType = file.storyboard; name = Base; path = Base.lproj/Main.storyboard; sourceTree = "<group>"; };
		F3EFA5BC1E8794AE001C20DF /* Assets.xcassets */ = {isa = PBXFileReference; lastKnownFileType = folder.assetcatalog; path = Assets.xcassets; sourceTree = "<group>"; };
		F3EFA5BF1E8794AE001C20DF /* Base */ = {isa = PBXFileReference; lastKnownFileType = file.storyboard; name = Base; path = Base.lproj/LaunchScreen.storyboard; sourceTree = "<group>"; };
		F3EFA5C11E8794AE001C20DF /* Info.plist */ = {isa = PBXFileReference; lastKnownFileType = text.plist.xml; path = Info.plist; sourceTree = "<group>"; };
/* End PBXFileReference section */

/* Begin PBXFrameworksBuildPhase section */
		F3EFA5AF1E8794AE001C20DF /* Frameworks */ = {
			isa = PBXFrameworksBuildPhase;
			buildActionMask = 2147483647;
			files = (
			);
			runOnlyForDeploymentPostprocessing = 0;
		};
/* End PBXFrameworksBuildPhase section */

/* Begin PBXGroup section */
		F3EFA5A91E8794AE001C20DF = {
			isa = PBXGroup;
			children = (
				F3EFA5B41E8794AE001C20DF /* SwiftPoem */,
				F3EFA5B31E8794AE001C20DF /* Products */,
			);
			sourceTree = "<group>";
		};
		F3EFA5B31E8794AE001C20DF /* Products */ = {
			isa = PBXGroup;
			children = (
				F3EFA5B21E8794AE001C20DF /* SwiftPoem.app */,
			);
			name = Products;
			sourceTree = "<group>";
		};
		F3EFA5B41E8794AE001C20DF /* SwiftPoem */ = {
			isa = PBXGroup;
			children = (
				F3EFA5B51E8794AE001C20DF /* AppDelegate.swift */,
				F3EFA5B71E8794AE001C20DF /* ViewController.swift */,
				F3EFA5B91E8794AE001C20DF /* Main.storyboard */,
				F3EFA5BC1E8794AE001C20DF /* Assets.xcassets */,
				F3EFA5BE1E8794AE001C20DF /* LaunchScreen.storyboard */,
				F3EFA5C11E8794AE001C20DF /* Info.plist */,
			);
			path = SwiftPoem;
			sourceTree = "<group>";
		};
/* End PBXGroup section */

/* Begin PBXNativeTarget section */
		F3EFA5B11E8794AE001C20DF /* SwiftPoem */ = {
			isa = PBXNativeTarget;
			buildConfigurationList = F3EFA5C41E8794AE001C20DF /* Build configuration list for PBXNativeTarget "SwiftPoem" */;
			buildPhases = (
				F3EFA5AE1E8794AE001C20DF /* Sources */,
				F3EFA5AF1E8794AE001C20DF /* Frameworks */,
				F3EFA5B01E8794AE001C20DF /* Resources */,
			);
			buildRules = (
			);
			dependencies = (
			);
			name = SwiftPoem;
			productName = SwiftPoem;
			productReference = F3EFA5B21E8794AE001C20DF /* SwiftPoem.app */;
			productType = "com.apple.product-type.application";
		};
/* End PBXNativeTarget section */

/* Begin PBXProject section */
		F3EFA5AA1E8794AE001C20DF /* Project object */ = {
			isa = PBXProject;
			attributes = {
				LastSwiftUpdateCheck = 0810;
				LastUpgradeCheck = 0810;
				ORGANIZATIONNAME = "宮本一彦";
				TargetAttributes = {
					F3EFA5B11E8794AE001C20DF = {
						CreatedOnToolsVersion = 8.1;
						ProvisioningStyle = Automatic;
					};
				};
			};
			buildConfigurationList = F3EFA5AD1E8794AE001C20DF /* Build configuration list for PBXProject "SwiftPoem" */;
			compatibilityVersion = "Xcode 3.2";
			developmentRegion = English;
			hasScannedForEncodings = 0;
			knownRegions = (
				en,
				Base,
			);
			mainGroup = F3EFA5A91E8794AE001C20DF;
			productRefGroup = F3EFA5B31E8794AE001C20DF /* Products */;
			projectDirPath = "";
			projectRoot = "";
			targets = (
				F3EFA5B11E8794AE001C20DF /* SwiftPoem */,
			);
		};
/* End PBXProject section */

/* Begin PBXResourcesBuildPhase section */
		F3EFA5B01E8794AE001C20DF /* Resources */ = {
			isa = PBXResourcesBuildPhase;
			buildActionMask = 2147483647;
			files = (
				F3EFA5C01E8794AE001C20DF /* LaunchScreen.storyboard in Resources */,
				F3EFA5BD1E8794AE001C20DF /* Assets.xcassets in Resources */,
				F3EFA5BB1E8794AE001C20DF /* Main.storyboard in Resources */,
			);
			runOnlyForDeploymentPostprocessing = 0;
		};
/* End PBXResourcesBuildPhase section */

/* Begin PBXSourcesBuildPhase section */
		F3EFA5AE1E8794AE001C20DF /* Sources */ = {
			isa = PBXSourcesBuildPhase;
			buildActionMask = 2147483647;
			files = (
				F3EFA5B81E8794AE001C20DF /* ViewController.swift in Sources */,
				F3EFA5B61E8794AE001C20DF /* AppDelegate.swift in Sources */,
			);
			runOnlyForDeploymentPostprocessing = 0;
		};
/* End PBXSourcesBuildPhase section */

/* Begin PBXVariantGroup section */
		F3EFA5B91E8794AE001C20DF /* Main.storyboard */ = {
			isa = PBXVariantGroup;
			children = (
				F3EFA5BA1E8794AE001C20DF /* Base */,
			);
			name = Main.storyboard;
			sourceTree = "<group>";
		};
		F3EFA5BE1E8794AE001C20DF /* LaunchScreen.storyboard */ = {
			isa = PBXVariantGroup;
			children = (
				F3EFA5BF1E8794AE001C20DF /* Base */,
			);
			name = LaunchScreen.storyboard;
			sourceTree = "<group>";
		};
/* End PBXVariantGroup section */

/* Begin XCBuildConfiguration section */
		F3EFA5C21E8794AE001C20DF /* Debug */ = {
			isa = XCBuildConfiguration;
			buildSettings = {
				ALWAYS_SEARCH_USER_PATHS = NO;
				CLANG_ANALYZER_NONNULL = YES;
				CLANG_CXX_LANGUAGE_STANDARD = "gnu++0x";
				CLANG_CXX_LIBRARY = "libc++";
				CLANG_ENABLE_MODULES = YES;
				CLANG_ENABLE_OBJC_ARC = YES;
				CLANG_WARN_BOOL_CONVERSION = YES;
				CLANG_WARN_CONSTANT_CONVERSION = YES;
				CLANG_WARN_DIRECT_OBJC_ISA_USAGE = YES_ERROR;
				CLANG_WARN_DOCUMENTATION_COMMENTS = YES;
				CLANG_WARN_EMPTY_BODY = YES;
				CLANG_WARN_ENUM_CONVERSION = YES;
				CLANG_WARN_INFINITE_RECURSION = YES;
				CLANG_WARN_INT_CONVERSION = YES;
				CLANG_WARN_OBJC_ROOT_CLASS = YES_ERROR;
				CLANG_WARN_SUSPICIOUS_MOVES = YES;
				CLANG_WARN_UNREACHABLE_CODE = YES;
				CLANG_WARN__DUPLICATE_METHOD_MATCH = YES;
				"CODE_SIGN_IDENTITY[sdk=iphoneos*]" = "iPhone Developer";
				COPY_PHASE_STRIP = NO;
				DEBUG_INFORMATION_FORMAT = dwarf;
				ENABLE_STRICT_OBJC_MSGSEND = YES;
				ENABLE_TESTABILITY = YES;
				GCC_C_LANGUAGE_STANDARD = gnu99;
				GCC_DYNAMIC_NO_PIC = NO;
				GCC_NO_COMMON_BLOCKS = YES;
				GCC_OPTIMIZATION_LEVEL = 0;
				GCC_PREPROCESSOR_DEFINITIONS = (
					"DEBUG=1",
					"$(inherited)",
				);
				GCC_WARN_64_TO_32_BIT_CONVERSION = YES;
				GCC_WARN_ABOUT_RETURN_TYPE = YES_ERROR;
				GCC_WARN_UNDECLARED_SELECTOR = YES;
				GCC_WARN_UNINITIALIZED_AUTOS = YES_AGGRESSIVE;
				GCC_WARN_UNUSED_FUNCTION = YES;
				GCC_WARN_UNUSED_VARIABLE = YES;
				IPHONEOS_DEPLOYMENT_TARGET = 10.1;
				MTL_ENABLE_DEBUG_INFO = YES;
				ONLY_ACTIVE_ARCH = YES;
				SDKROOT = iphoneos;
				SWIFT_ACTIVE_COMPILATION_CONDITIONS = DEBUG;
				SWIFT_OPTIMIZATION_LEVEL = "-Onone";
			};
			name = Debug;
		};
		F3EFA5C31E8794AE001C20DF /* Release */ = {
			isa = XCBuildConfiguration;
			buildSettings = {
				ALWAYS_SEARCH_USER_PATHS = NO;
				CLANG_ANALYZER_NONNULL = YES;
				CLANG_CXX_LANGUAGE_STANDARD = "gnu++0x";
				CLANG_CXX_LIBRARY = "libc++";
				CLANG_ENABLE_MODULES = YES;
				CLANG_ENABLE_OBJC_ARC = YES;
				CLANG_WARN_BOOL_CONVERSION = YES;
				CLANG_WARN_CONSTANT_CONVERSION = YES;
				CLANG_WARN_DIRECT_OBJC_ISA_USAGE = YES_ERROR;
				CLANG_WARN_DOCUMENTATION_COMMENTS = YES;
				CLANG_WARN_EMPTY_BODY = YES;
				CLANG_WARN_ENUM_CONVERSION = YES;
				CLANG_WARN_INFINITE_RECURSION = YES;
				CLANG_WARN_INT_CONVERSION = YES;
				CLANG_WARN_OBJC_ROOT_CLASS = YES_ERROR;
				CLANG_WARN_SUSPICIOUS_MOVES = YES;
				CLANG_WARN_UNREACHABLE_CODE = YES;
				CLANG_WARN__DUPLICATE_METHOD_MATCH = YES;
				"CODE_SIGN_IDENTITY[sdk=iphoneos*]" = "iPhone Developer";
				COPY_PHASE_STRIP = NO;
				DEBUG_INFORMATION_FORMAT = "dwarf-with-dsym";
				ENABLE_NS_ASSERTIONS = NO;
				ENABLE_STRICT_OBJC_MSGSEND = YES;
				GCC_C_LANGUAGE_STANDARD = gnu99;
				GCC_NO_COMMON_BLOCKS = YES;
				GCC_WARN_64_TO_32_BIT_CONVERSION = YES;
				GCC_WARN_ABOUT_RETURN_TYPE = YES_ERROR;
				GCC_WARN_UNDECLARED_SELECTOR = YES;
				GCC_WARN_UNINITIALIZED_AUTOS = YES_AGGRESSIVE;
				GCC_WARN_UNUSED_FUNCTION = YES;
				GCC_WARN_UNUSED_VARIABLE = YES;
				IPHONEOS_DEPLOYMENT_TARGET = 10.1;
				MTL_ENABLE_DEBUG_INFO = NO;
				SDKROOT = iphoneos;
				SWIFT_OPTIMIZATION_LEVEL = "-Owholemodule";
				VALIDATE_PRODUCT = YES;
			};
			name = Release;
		};
		F3EFA5C51E8794AE001C20DF /* Debug */ = {
			isa = XCBuildConfiguration;
			buildSettings = {
				ASSETCATALOG_COMPILER_APPICON_NAME = AppIcon;
				INFOPLIST_FILE = SwiftPoem/Info.plist;
				LD_RUNPATH_SEARCH_PATHS = "$(inherited) @executable_path/Frameworks";
				PRODUCT_BUNDLE_IDENTIFIER = com.musashi.SwiftPoem;
				PRODUCT_NAME = "$(TARGET_NAME)";
				SWIFT_VERSION = 3.0;
			};
			name = Debug;
		};
		F3EFA5C61E8794AE001C20DF /* Release */ = {
			isa = XCBuildConfiguration;
			buildSettings = {
				ASSETCATALOG_COMPILER_APPICON_NAME = AppIcon;
				INFOPLIST_FILE = SwiftPoem/Info.plist;
				LD_RUNPATH_SEARCH_PATHS = "$(inherited) @executable_path/Frameworks";
				PRODUCT_BUNDLE_IDENTIFIER = com.musashi.SwiftPoem;
				PRODUCT_NAME = "$(TARGET_NAME)";
				SWIFT_VERSION = 3.0;
			};
			name = Release;
		};
/* End XCBuildConfiguration section */

/* Begin XCConfigurationList section */
		F3EFA5AD1E8794AE001C20DF /* Build configuration list for PBXProject "SwiftPoem" */ = {
			isa = XCConfigurationList;
			buildConfigurations = (
				F3EFA5C21E8794AE001C20DF /* Debug */,
				F3EFA5C31E8794AE001C20DF /* Release */,
			);
			defaultConfigurationIsVisible = 0;
			defaultConfigurationName = Release;
		};
		F3EFA5C41E8794AE001C20DF /* Build configuration list for PBXNativeTarget "SwiftPoem" */ = {
			isa = XCConfigurationList;
			buildConfigurations = (
				F3EFA5C51E8794AE001C20DF /* Debug */,
				F3EFA5C61E8794AE001C20DF /* Release */,
			);
			defaultConfigurationIsVisible = 0;
		};
/* End XCConfigurationList section */
	};
	rootObject = F3EFA5AA1E8794AE001C20DF /* Project object */;
}
